// !$*UTF8*$!
{
	archiveVersion = 1;
	classes = {
	};
	objectVersion = 50;
	objects = {

/* Begin PBXBuildFile section */
		0A9997B122790A3200F13A31 /* Ball.swift in Sources */ = {isa = PBXBuildFile; fileRef = 0A9997B022790A3200F13A31 /* Ball.swift */; };
		0A9997B322790BF300F13A31 /* Brick.swift in Sources */ = {isa = PBXBuildFile; fileRef = 0A9997B222790BF300F13A31 /* Brick.swift */; };
		0A9997B522790E5D00F13A31 /* CGPoint+Geometry.swift in Sources */ = {isa = PBXBuildFile; fileRef = 0A9997B422790E5D00F13A31 /* CGPoint+Geometry.swift */; };
		0A9997B72279110B00F13A31 /* Path.swift in Sources */ = {isa = PBXBuildFile; fileRef = 0A9997B62279110B00F13A31 /* Path.swift */; };
		0A9997B92279137000F13A31 /* CGVector+Geometry.swift in Sources */ = {isa = PBXBuildFile; fileRef = 0A9997B82279137000F13A31 /* CGVector+Geometry.swift */; };
		0A9997BD22791DA400F13A31 /* PathEvent.swift in Sources */ = {isa = PBXBuildFile; fileRef = 0A9997BC22791DA400F13A31 /* PathEvent.swift */; };
		0A9997C12279519100F13A31 /* kick.wav in Resources */ = {isa = PBXBuildFile; fileRef = 0A9997C02279519100F13A31 /* kick.wav */; };
		0A9997C62279549800F13A31 /* Level1.json in Resources */ = {isa = PBXBuildFile; fileRef = 0A9997C52279549800F13A31 /* Level1.json */; };
		0A9997C82279560F00F13A31 /* LevelDefinition.swift in Sources */ = {isa = PBXBuildFile; fileRef = 0A9997C72279560F00F13A31 /* LevelDefinition.swift */; };
		0A9997CA227A699600F13A31 /* Trap.swift in Sources */ = {isa = PBXBuildFile; fileRef = 0A9997C9227A699600F13A31 /* Trap.swift */; };
		0A9997CC227A6BC800F13A31 /* Obstacle.swift in Sources */ = {isa = PBXBuildFile; fileRef = 0A9997CB227A6BC800F13A31 /* Obstacle.swift */; };
		0AF2FFBA22724C8C0063888C /* AppDelegate.swift in Sources */ = {isa = PBXBuildFile; fileRef = 0AF2FFB922724C8C0063888C /* AppDelegate.swift */; };
		0AF2FFC022724C8C0063888C /* GameScene.swift in Sources */ = {isa = PBXBuildFile; fileRef = 0AF2FFBF22724C8C0063888C /* GameScene.swift */; };
		0AF2FFC222724C8C0063888C /* GameViewController.swift in Sources */ = {isa = PBXBuildFile; fileRef = 0AF2FFC122724C8C0063888C /* GameViewController.swift */; };
		0AF2FFC722724C8E0063888C /* Assets.xcassets in Resources */ = {isa = PBXBuildFile; fileRef = 0AF2FFC622724C8E0063888C /* Assets.xcassets */; };
		0AF2FFCA22724C8E0063888C /* LaunchScreen.storyboard in Resources */ = {isa = PBXBuildFile; fileRef = 0AF2FFC822724C8E0063888C /* LaunchScreen.storyboard */; };
		0AF2FFD522724C8E0063888C /* BounceTests.swift in Sources */ = {isa = PBXBuildFile; fileRef = 0AF2FFD422724C8E0063888C /* BounceTests.swift */; };
		0AF2FFE022724C8E0063888C /* BounceUITests.swift in Sources */ = {isa = PBXBuildFile; fileRef = 0AF2FFDF22724C8E0063888C /* BounceUITests.swift */; };
/* End PBXBuildFile section */

/* Begin PBXContainerItemProxy section */
		0AF2FFD122724C8E0063888C /* PBXContainerItemProxy */ = {
			isa = PBXContainerItemProxy;
			containerPortal = 0AF2FFAE22724C8C0063888C /* Project object */;
			proxyType = 1;
			remoteGlobalIDString = 0AF2FFB522724C8C0063888C;
			remoteInfo = Bounce;
		};
		0AF2FFDC22724C8E0063888C /* PBXContainerItemProxy */ = {
			isa = PBXContainerItemProxy;
			containerPortal = 0AF2FFAE22724C8C0063888C /* Project object */;
			proxyType = 1;
			remoteGlobalIDString = 0AF2FFB522724C8C0063888C;
			remoteInfo = Bounce;
		};
/* End PBXContainerItemProxy section */

/* Begin PBXFileReference section */
		0A9997B022790A3200F13A31 /* Ball.swift */ = {isa = PBXFileReference; lastKnownFileType = sourcecode.swift; path = Ball.swift; sourceTree = "<group>"; };
		0A9997B222790BF300F13A31 /* Brick.swift */ = {isa = PBXFileReference; lastKnownFileType = sourcecode.swift; path = Brick.swift; sourceTree = "<group>"; };
		0A9997B422790E5D00F13A31 /* CGPoint+Geometry.swift */ = {isa = PBXFileReference; lastKnownFileType = sourcecode.swift; path = "CGPoint+Geometry.swift"; sourceTree = "<group>"; };
		0A9997B62279110B00F13A31 /* Path.swift */ = {isa = PBXFileReference; lastKnownFileType = sourcecode.swift; path = Path.swift; sourceTree = "<group>"; };
		0A9997B82279137000F13A31 /* CGVector+Geometry.swift */ = {isa = PBXFileReference; lastKnownFileType = sourcecode.swift; path = "CGVector+Geometry.swift"; sourceTree = "<group>"; };
		0A9997BC22791DA400F13A31 /* PathEvent.swift */ = {isa = PBXFileReference; lastKnownFileType = sourcecode.swift; path = PathEvent.swift; sourceTree = "<group>"; };
		0A9997C02279519100F13A31 /* kick.wav */ = {isa = PBXFileReference; lastKnownFileType = audio.wav; path = kick.wav; sourceTree = "<group>"; };
		0A9997C52279549800F13A31 /* Level1.json */ = {isa = PBXFileReference; lastKnownFileType = text.json; path = Level1.json; sourceTree = "<group>"; };
		0A9997C72279560F00F13A31 /* LevelDefinition.swift */ = {isa = PBXFileReference; lastKnownFileType = sourcecode.swift; path = LevelDefinition.swift; sourceTree = "<group>"; };
		0A9997C9227A699600F13A31 /* Trap.swift */ = {isa = PBXFileReference; lastKnownFileType = sourcecode.swift; path = Trap.swift; sourceTree = "<group>"; };
		0A9997CB227A6BC800F13A31 /* Obstacle.swift */ = {isa = PBXFileReference; lastKnownFileType = sourcecode.swift; path = Obstacle.swift; sourceTree = "<group>"; };
		0AF2FFB622724C8C0063888C /* Bounce.app */ = {isa = PBXFileReference; explicitFileType = wrapper.application; includeInIndex = 0; path = Bounce.app; sourceTree = BUILT_PRODUCTS_DIR; };
		0AF2FFB922724C8C0063888C /* AppDelegate.swift */ = {isa = PBXFileReference; lastKnownFileType = sourcecode.swift; path = AppDelegate.swift; sourceTree = "<group>"; };
		0AF2FFBF22724C8C0063888C /* GameScene.swift */ = {isa = PBXFileReference; lastKnownFileType = sourcecode.swift; path = GameScene.swift; sourceTree = "<group>"; };
		0AF2FFC122724C8C0063888C /* GameViewController.swift */ = {isa = PBXFileReference; lastKnownFileType = sourcecode.swift; path = GameViewController.swift; sourceTree = "<group>"; };
		0AF2FFC622724C8E0063888C /* Assets.xcassets */ = {isa = PBXFileReference; lastKnownFileType = folder.assetcatalog; path = Assets.xcassets; sourceTree = "<group>"; };
		0AF2FFC922724C8E0063888C /* Base */ = {isa = PBXFileReference; lastKnownFileType = file.storyboard; name = Base; path = Base.lproj/LaunchScreen.storyboard; sourceTree = "<group>"; };
		0AF2FFCB22724C8E0063888C /* Info.plist */ = {isa = PBXFileReference; lastKnownFileType = text.plist.xml; path = Info.plist; sourceTree = "<group>"; };
		0AF2FFD022724C8E0063888C /* BounceTests.xctest */ = {isa = PBXFileReference; explicitFileType = wrapper.cfbundle; includeInIndex = 0; path = BounceTests.xctest; sourceTree = BUILT_PRODUCTS_DIR; };
		0AF2FFD422724C8E0063888C /* BounceTests.swift */ = {isa = PBXFileReference; lastKnownFileType = sourcecode.swift; path = BounceTests.swift; sourceTree = "<group>"; };
		0AF2FFD622724C8E0063888C /* Info.plist */ = {isa = PBXFileReference; lastKnownFileType = text.plist.xml; path = Info.plist; sourceTree = "<group>"; };
		0AF2FFDB22724C8E0063888C /* BounceUITests.xctest */ = {isa = PBXFileReference; explicitFileType = wrapper.cfbundle; includeInIndex = 0; path = BounceUITests.xctest; sourceTree = BUILT_PRODUCTS_DIR; };
		0AF2FFDF22724C8E0063888C /* BounceUITests.swift */ = {isa = PBXFileReference; lastKnownFileType = sourcecode.swift; path = BounceUITests.swift; sourceTree = "<group>"; };
		0AF2FFE122724C8E0063888C /* Info.plist */ = {isa = PBXFileReference; lastKnownFileType = text.plist.xml; path = Info.plist; sourceTree = "<group>"; };
/* End PBXFileReference section */

/* Begin PBXFrameworksBuildPhase section */
		0AF2FFB322724C8C0063888C /* Frameworks */ = {
			isa = PBXFrameworksBuildPhase;
			buildActionMask = 2147483647;
			files = (
			);
			runOnlyForDeploymentPostprocessing = 0;
		};
		0AF2FFCD22724C8E0063888C /* Frameworks */ = {
			isa = PBXFrameworksBuildPhase;
			buildActionMask = 2147483647;
			files = (
			);
			runOnlyForDeploymentPostprocessing = 0;
		};
		0AF2FFD822724C8E0063888C /* Frameworks */ = {
			isa = PBXFrameworksBuildPhase;
			buildActionMask = 2147483647;
			files = (
			);
			runOnlyForDeploymentPostprocessing = 0;
		};
/* End PBXFrameworksBuildPhase section */

/* Begin PBXGroup section */
		0A9997C2227953B300F13A31 /* Levels */ = {
			isa = PBXGroup;
			children = (
				0A9997C52279549800F13A31 /* Level1.json */,
			);
			path = Levels;
			sourceTree = "<group>";
		};
		0AF2FFAD22724C8C0063888C = {
			isa = PBXGroup;
			children = (
				0AF2FFB822724C8C0063888C /* Bounce */,
				0AF2FFD322724C8E0063888C /* BounceTests */,
				0AF2FFDE22724C8E0063888C /* BounceUITests */,
				0AF2FFB722724C8C0063888C /* Products */,
			);
			sourceTree = "<group>";
		};
		0AF2FFB722724C8C0063888C /* Products */ = {
			isa = PBXGroup;
			children = (
				0AF2FFB622724C8C0063888C /* Bounce.app */,
				0AF2FFD022724C8E0063888C /* BounceTests.xctest */,
				0AF2FFDB22724C8E0063888C /* BounceUITests.xctest */,
			);
			name = Products;
			sourceTree = "<group>";
		};
		0AF2FFB822724C8C0063888C /* Bounce */ = {
			isa = PBXGroup;
			children = (
				0A9997C2227953B300F13A31 /* Levels */,
				0AF2FFCB22724C8E0063888C /* Info.plist */,
				0AF2FFB922724C8C0063888C /* AppDelegate.swift */,
				0A9997B022790A3200F13A31 /* Ball.swift */,
				0A9997B422790E5D00F13A31 /* CGPoint+Geometry.swift */,
				0A9997B82279137000F13A31 /* CGVector+Geometry.swift */,
				0AF2FFBF22724C8C0063888C /* GameScene.swift */,
				0AF2FFC122724C8C0063888C /* GameViewController.swift */,
				0A9997C72279560F00F13A31 /* LevelDefinition.swift */,
				0A9997B222790BF300F13A31 /* Brick.swift */,
				0A9997CB227A6BC800F13A31 /* Obstacle.swift */,
				0A9997C9227A699600F13A31 /* Trap.swift */,
				0A9997B62279110B00F13A31 /* Path.swift */,
				0A9997BC22791DA400F13A31 /* PathEvent.swift */,
				0A9997C02279519100F13A31 /* kick.wav */,
				0AF2FFC622724C8E0063888C /* Assets.xcassets */,
				0AF2FFC822724C8E0063888C /* LaunchScreen.storyboard */,
			);
			path = Bounce;
			sourceTree = "<group>";
		};
		0AF2FFD322724C8E0063888C /* BounceTests */ = {
			isa = PBXGroup;
			children = (
				0AF2FFD422724C8E0063888C /* BounceTests.swift */,
				0AF2FFD622724C8E0063888C /* Info.plist */,
			);
			path = BounceTests;
			sourceTree = "<group>";
		};
		0AF2FFDE22724C8E0063888C /* BounceUITests */ = {
			isa = PBXGroup;
			children = (
				0AF2FFDF22724C8E0063888C /* BounceUITests.swift */,
				0AF2FFE122724C8E0063888C /* Info.plist */,
			);
			path = BounceUITests;
			sourceTree = "<group>";
		};
/* End PBXGroup section */

/* Begin PBXNativeTarget section */
		0AF2FFB522724C8C0063888C /* Bounce */ = {
			isa = PBXNativeTarget;
			buildConfigurationList = 0AF2FFE422724C8E0063888C /* Build configuration list for PBXNativeTarget "Bounce" */;
			buildPhases = (
				0AF2FFB222724C8C0063888C /* Sources */,
				0AF2FFB322724C8C0063888C /* Frameworks */,
				0AF2FFB422724C8C0063888C /* Resources */,
			);
			buildRules = (
			);
			dependencies = (
			);
			name = Bounce;
			productName = Bounce;
			productReference = 0AF2FFB622724C8C0063888C /* Bounce.app */;
			productType = "com.apple.product-type.application";
		};
		0AF2FFCF22724C8E0063888C /* BounceTests */ = {
			isa = PBXNativeTarget;
			buildConfigurationList = 0AF2FFE722724C8E0063888C /* Build configuration list for PBXNativeTarget "BounceTests" */;
			buildPhases = (
				0AF2FFCC22724C8E0063888C /* Sources */,
				0AF2FFCD22724C8E0063888C /* Frameworks */,
				0AF2FFCE22724C8E0063888C /* Resources */,
			);
			buildRules = (
			);
			dependencies = (
				0AF2FFD222724C8E0063888C /* PBXTargetDependency */,
			);
			name = BounceTests;
			productName = BounceTests;
			productReference = 0AF2FFD022724C8E0063888C /* BounceTests.xctest */;
			productType = "com.apple.product-type.bundle.unit-test";
		};
		0AF2FFDA22724C8E0063888C /* BounceUITests */ = {
			isa = PBXNativeTarget;
			buildConfigurationList = 0AF2FFEA22724C8E0063888C /* Build configuration list for PBXNativeTarget "BounceUITests" */;
			buildPhases = (
				0AF2FFD722724C8E0063888C /* Sources */,
				0AF2FFD822724C8E0063888C /* Frameworks */,
				0AF2FFD922724C8E0063888C /* Resources */,
			);
			buildRules = (
			);
			dependencies = (
				0AF2FFDD22724C8E0063888C /* PBXTargetDependency */,
			);
			name = BounceUITests;
			productName = BounceUITests;
			productReference = 0AF2FFDB22724C8E0063888C /* BounceUITests.xctest */;
			productType = "com.apple.product-type.bundle.ui-testing";
		};
/* End PBXNativeTarget section */

/* Begin PBXProject section */
		0AF2FFAE22724C8C0063888C /* Project object */ = {
			isa = PBXProject;
			attributes = {
				LastSwiftUpdateCheck = 1020;
				LastUpgradeCheck = 1020;
				ORGANIZATIONNAME = heptarex;
				TargetAttributes = {
					0AF2FFB522724C8C0063888C = {
						CreatedOnToolsVersion = 10.2.1;
					};
					0AF2FFCF22724C8E0063888C = {
						CreatedOnToolsVersion = 10.2.1;
						TestTargetID = 0AF2FFB522724C8C0063888C;
					};
					0AF2FFDA22724C8E0063888C = {
						CreatedOnToolsVersion = 10.2.1;
						TestTargetID = 0AF2FFB522724C8C0063888C;
					};
				};
			};
			buildConfigurationList = 0AF2FFB122724C8C0063888C /* Build configuration list for PBXProject "Bounce" */;
			compatibilityVersion = "Xcode 9.3";
			developmentRegion = en;
			hasScannedForEncodings = 0;
			knownRegions = (
				en,
				Base,
			);
			mainGroup = 0AF2FFAD22724C8C0063888C;
			productRefGroup = 0AF2FFB722724C8C0063888C /* Products */;
			projectDirPath = "";
			projectRoot = "";
			targets = (
				0AF2FFB522724C8C0063888C /* Bounce */,
				0AF2FFCF22724C8E0063888C /* BounceTests */,
				0AF2FFDA22724C8E0063888C /* BounceUITests */,
			);
		};
/* End PBXProject section */

/* Begin PBXResourcesBuildPhase section */
		0AF2FFB422724C8C0063888C /* Resources */ = {
			isa = PBXResourcesBuildPhase;
			buildActionMask = 2147483647;
			files = (
				0AF2FFC722724C8E0063888C /* Assets.xcassets in Resources */,
				0AF2FFCA22724C8E0063888C /* LaunchScreen.storyboard in Resources */,
				0A9997C12279519100F13A31 /* kick.wav in Resources */,
				0A9997C62279549800F13A31 /* Level1.json in Resources */,
			);
			runOnlyForDeploymentPostprocessing = 0;
		};
		0AF2FFCE22724C8E0063888C /* Resources */ = {
			isa = PBXResourcesBuildPhase;
			buildActionMask = 2147483647;
			files = (
			);
			runOnlyForDeploymentPostprocessing = 0;
		};
		0AF2FFD922724C8E0063888C /* Resources */ = {
			isa = PBXResourcesBuildPhase;
			buildActionMask = 2147483647;
			files = (
			);
			runOnlyForDeploymentPostprocessing = 0;
		};
/* End PBXResourcesBuildPhase section */

/* Begin PBXSourcesBuildPhase section */
		0AF2FFB222724C8C0063888C /* Sources */ = {
			isa = PBXSourcesBuildPhase;
			buildActionMask = 2147483647;
			files = (
				0AF2FFC022724C8C0063888C /* GameScene.swift in Sources */,
				0A9997B72279110B00F13A31 /* Path.swift in Sources */,
				0A9997CC227A6BC800F13A31 /* Obstacle.swift in Sources */,
				0A9997B522790E5D00F13A31 /* CGPoint+Geometry.swift in Sources */,
				0A9997B122790A3200F13A31 /* Ball.swift in Sources */,
				0A9997B322790BF300F13A31 /* Brick.swift in Sources */,
				0AF2FFC222724C8C0063888C /* GameViewController.swift in Sources */,
				0A9997B92279137000F13A31 /* CGVector+Geometry.swift in Sources */,
				0AF2FFBA22724C8C0063888C /* AppDelegate.swift in Sources */,
				0A9997CA227A699600F13A31 /* Trap.swift in Sources */,
				0A9997C82279560F00F13A31 /* LevelDefinition.swift in Sources */,
				0A9997BD22791DA400F13A31 /* PathEvent.swift in Sources */,
			);
			runOnlyForDeploymentPostprocessing = 0;
		};
		0AF2FFCC22724C8E0063888C /* Sources */ = {
			isa = PBXSourcesBuildPhase;
			buildActionMask = 2147483647;
			files = (
				0AF2FFD522724C8E0063888C /* BounceTests.swift in Sources */,
			);
			runOnlyForDeploymentPostprocessing = 0;
		};
		0AF2FFD722724C8E0063888C /* Sources */ = {
			isa = PBXSourcesBuildPhase;
			buildActionMask = 2147483647;
			files = (
				0AF2FFE022724C8E0063888C /* BounceUITests.swift in Sources */,
			);
			runOnlyForDeploymentPostprocessing = 0;
		};
/* End PBXSourcesBuildPhase section */

/* Begin PBXTargetDependency section */
		0AF2FFD222724C8E0063888C /* PBXTargetDependency */ = {
			isa = PBXTargetDependency;
			target = 0AF2FFB522724C8C0063888C /* Bounce */;
			targetProxy = 0AF2FFD122724C8E0063888C /* PBXContainerItemProxy */;
		};
		0AF2FFDD22724C8E0063888C /* PBXTargetDependency */ = {
			isa = PBXTargetDependency;
			target = 0AF2FFB522724C8C0063888C /* Bounce */;
			targetProxy = 0AF2FFDC22724C8E0063888C /* PBXContainerItemProxy */;
		};
/* End PBXTargetDependency section */

/* Begin PBXVariantGroup section */
		0AF2FFC822724C8E0063888C /* LaunchScreen.storyboard */ = {
			isa = PBXVariantGroup;
			children = (
				0AF2FFC922724C8E0063888C /* Base */,
			);
			name = LaunchScreen.storyboard;
			sourceTree = "<group>";
		};
/* End PBXVariantGroup section */

/* Begin XCBuildConfiguration section */
		0AF2FFE222724C8E0063888C /* Debug */ = {
			isa = XCBuildConfiguration;
			buildSettings = {
				ALWAYS_SEARCH_USER_PATHS = NO;
				CLANG_ANALYZER_NONNULL = YES;
				CLANG_ANALYZER_NUMBER_OBJECT_CONVERSION = YES_AGGRESSIVE;
				CLANG_CXX_LANGUAGE_STANDARD = "gnu++14";
				CLANG_CXX_LIBRARY = "libc++";
				CLANG_ENABLE_MODULES = YES;
				CLANG_ENABLE_OBJC_ARC = YES;
				CLANG_ENABLE_OBJC_WEAK = YES;
				CLANG_WARN_BLOCK_CAPTURE_AUTORELEASING = YES;
				CLANG_WARN_BOOL_CONVERSION = YES;
				CLANG_WARN_COMMA = YES;
				CLANG_WARN_CONSTANT_CONVERSION = YES;
				CLANG_WARN_DEPRECATED_OBJC_IMPLEMENTATIONS = YES;
				CLANG_WARN_DIRECT_OBJC_ISA_USAGE = YES_ERROR;
				CLANG_WARN_DOCUMENTATION_COMMENTS = YES;
				CLANG_WARN_EMPTY_BODY = YES;
				CLANG_WARN_ENUM_CONVERSION = YES;
				CLANG_WARN_INFINITE_RECURSION = YES;
				CLANG_WARN_INT_CONVERSION = YES;
				CLANG_WARN_NON_LITERAL_NULL_CONVERSION = YES;
				CLANG_WARN_OBJC_IMPLICIT_RETAIN_SELF = YES;
				CLANG_WARN_OBJC_LITERAL_CONVERSION = YES;
				CLANG_WARN_OBJC_ROOT_CLASS = YES_ERROR;
				CLANG_WARN_RANGE_LOOP_ANALYSIS = YES;
				CLANG_WARN_STRICT_PROTOTYPES = YES;
				CLANG_WARN_SUSPICIOUS_MOVE = YES;
				CLANG_WARN_UNGUARDED_AVAILABILITY = YES_AGGRESSIVE;
				CLANG_WARN_UNREACHABLE_CODE = YES;
				CLANG_WARN__DUPLICATE_METHOD_MATCH = YES;
				CODE_SIGN_IDENTITY = "iPhone Developer";
				COPY_PHASE_STRIP = NO;
				DEBUG_INFORMATION_FORMAT = dwarf;
				ENABLE_STRICT_OBJC_MSGSEND = YES;
				ENABLE_TESTABILITY = YES;
				GCC_C_LANGUAGE_STANDARD = gnu11;
				GCC_DYNAMIC_NO_PIC = NO;
				GCC_NO_COMMON_BLOCKS = YES;
				GCC_OPTIMIZATION_LEVEL = 0;
				GCC_PREPROCESSOR_DEFINITIONS = (
					"DEBUG=1",
					"$(inherited)",
				);
				GCC_WARN_64_TO_32_BIT_CONVERSION = YES;
				GCC_WARN_ABOUT_RETURN_TYPE = YES_ERROR;
				GCC_WARN_UNDECLARED_SELECTOR = YES;
				GCC_WARN_UNINITIALIZED_AUTOS = YES_AGGRESSIVE;
				GCC_WARN_UNUSED_FUNCTION = YES;
				GCC_WARN_UNUSED_VARIABLE = YES;
				IPHONEOS_DEPLOYMENT_TARGET = 12.2;
				MTL_ENABLE_DEBUG_INFO = INCLUDE_SOURCE;
				MTL_FAST_MATH = YES;
				ONLY_ACTIVE_ARCH = YES;
				SDKROOT = iphoneos;
				SWIFT_ACTIVE_COMPILATION_CONDITIONS = DEBUG;
				SWIFT_OPTIMIZATION_LEVEL = "-Onone";
			};
			name = Debug;
		};
		0AF2FFE322724C8E0063888C /* Release */ = {
			isa = XCBuildConfiguration;
			buildSettings = {
				ALWAYS_SEARCH_USER_PATHS = NO;
				CLANG_ANALYZER_NONNULL = YES;
				CLANG_ANALYZER_NUMBER_OBJECT_CONVERSION = YES_AGGRESSIVE;
				CLANG_CXX_LANGUAGE_STANDARD = "gnu++14";
				CLANG_CXX_LIBRARY = "libc++";
				CLANG_ENABLE_MODULES = YES;
				CLANG_ENABLE_OBJC_ARC = YES;
				CLANG_ENABLE_OBJC_WEAK = YES;
				CLANG_WARN_BLOCK_CAPTURE_AUTORELEASING = YES;
				CLANG_WARN_BOOL_CONVERSION = YES;
				CLANG_WARN_COMMA = YES;
				CLANG_WARN_CONSTANT_CONVERSION = YES;
				CLANG_WARN_DEPRECATED_OBJC_IMPLEMENTATIONS = YES;
				CLANG_WARN_DIRECT_OBJC_ISA_USAGE = YES_ERROR;
				CLANG_WARN_DOCUMENTATION_COMMENTS = YES;
				CLANG_WARN_EMPTY_BODY = YES;
				CLANG_WARN_ENUM_CONVERSION = YES;
				CLANG_WARN_INFINITE_RECURSION = YES;
				CLANG_WARN_INT_CONVERSION = YES;
				CLANG_WARN_NON_LITERAL_NULL_CONVERSION = YES;
				CLANG_WARN_OBJC_IMPLICIT_RETAIN_SELF = YES;
				CLANG_WARN_OBJC_LITERAL_CONVERSION = YES;
				CLANG_WARN_OBJC_ROOT_CLASS = YES_ERROR;
				CLANG_WARN_RANGE_LOOP_ANALYSIS = YES;
				CLANG_WARN_STRICT_PROTOTYPES = YES;
				CLANG_WARN_SUSPICIOUS_MOVE = YES;
				CLANG_WARN_UNGUARDED_AVAILABILITY = YES_AGGRESSIVE;
				CLANG_WARN_UNREACHABLE_CODE = YES;
				CLANG_WARN__DUPLICATE_METHOD_MATCH = YES;
				CODE_SIGN_IDENTITY = "iPhone Developer";
				COPY_PHASE_STRIP = NO;
				DEBUG_INFORMATION_FORMAT = "dwarf-with-dsym";
				ENABLE_NS_ASSERTIONS = NO;
				ENABLE_STRICT_OBJC_MSGSEND = YES;
				GCC_C_LANGUAGE_STANDARD = gnu11;
				GCC_NO_COMMON_BLOCKS = YES;
				GCC_WARN_64_TO_32_BIT_CONVERSION = YES;
				GCC_WARN_ABOUT_RETURN_TYPE = YES_ERROR;
				GCC_WARN_UNDECLARED_SELECTOR = YES;
				GCC_WARN_UNINITIALIZED_AUTOS = YES_AGGRESSIVE;
				GCC_WARN_UNUSED_FUNCTION = YES;
				GCC_WARN_UNUSED_VARIABLE = YES;
				IPHONEOS_DEPLOYMENT_TARGET = 12.2;
				MTL_ENABLE_DEBUG_INFO = NO;
				MTL_FAST_MATH = YES;
				SDKROOT = iphoneos;
				SWIFT_COMPILATION_MODE = wholemodule;
				SWIFT_OPTIMIZATION_LEVEL = "-O";
				VALIDATE_PRODUCT = YES;
			};
			name = Release;
		};
		0AF2FFE522724C8E0063888C /* Debug */ = {
			isa = XCBuildConfiguration;
			buildSettings = {
				ASSETCATALOG_COMPILER_APPICON_NAME = AppIcon;
				CODE_SIGN_STYLE = Automatic;
				DEVELOPMENT_TEAM = JGJC2NGW6L;
				INFOPLIST_FILE = Bounce/Info.plist;
				LD_RUNPATH_SEARCH_PATHS = (
					"$(inherited)",
					"@executable_path/Frameworks",
				);
				PRODUCT_BUNDLE_IDENTIFIER = com.heptarex.Bounce;
				PRODUCT_NAME = "$(TARGET_NAME)";
				SWIFT_VERSION = 5.0;
				TARGETED_DEVICE_FAMILY = "1,2";
			};
			name = Debug;
		};
		0AF2FFE622724C8E0063888C /* Release */ = {
			isa = XCBuildConfiguration;
			buildSettings = {
				ASSETCATALOG_COMPILER_APPICON_NAME = AppIcon;
				CODE_SIGN_STYLE = Automatic;
				DEVELOPMENT_TEAM = JGJC2NGW6L;
				INFOPLIST_FILE = Bounce/Info.plist;
				LD_RUNPATH_SEARCH_PATHS = (
					"$(inherited)",
					"@executable_path/Frameworks",
				);
				PRODUCT_BUNDLE_IDENTIFIER = com.heptarex.Bounce;
				PRODUCT_NAME = "$(TARGET_NAME)";
				SWIFT_VERSION = 5.0;
				TARGETED_DEVICE_FAMILY = "1,2";
			};
			name = Release;
		};
		0AF2FFE822724C8E0063888C /* Debug */ = {
			isa = XCBuildConfiguration;
			buildSettings = {
				ALWAYS_EMBED_SWIFT_STANDARD_LIBRARIES = YES;
				BUNDLE_LOADER = "$(TEST_HOST)";
				CODE_SIGN_STYLE = Automatic;
				DEVELOPMENT_TEAM = JGJC2NGW6L;
				INFOPLIST_FILE = BounceTests/Info.plist;
				LD_RUNPATH_SEARCH_PATHS = (
					"$(inherited)",
					"@executable_path/Frameworks",
					"@loader_path/Frameworks",
				);
				PRODUCT_BUNDLE_IDENTIFIER = com.heptarex.BounceTests;
				PRODUCT_NAME = "$(TARGET_NAME)";
				SWIFT_VERSION = 5.0;
				TARGETED_DEVICE_FAMILY = "1,2";
				TEST_HOST = "$(BUILT_PRODUCTS_DIR)/Bounce.app/Bounce";
			};
			name = Debug;
		};
		0AF2FFE922724C8E0063888C /* Release */ = {
			isa = XCBuildConfiguration;
			buildSettings = {
				ALWAYS_EMBED_SWIFT_STANDARD_LIBRARIES = YES;
				BUNDLE_LOADER = "$(TEST_HOST)";
				CODE_SIGN_STYLE = Automatic;
				DEVELOPMENT_TEAM = JGJC2NGW6L;
				INFOPLIST_FILE = BounceTests/Info.plist;
				LD_RUNPATH_SEARCH_PATHS = (
					"$(inherited)",
					"@executable_path/Frameworks",
					"@loader_path/Frameworks",
				);
				PRODUCT_BUNDLE_IDENTIFIER = com.heptarex.BounceTests;
				PRODUCT_NAME = "$(TARGET_NAME)";
				SWIFT_VERSION = 5.0;
				TARGETED_DEVICE_FAMILY = "1,2";
				TEST_HOST = "$(BUILT_PRODUCTS_DIR)/Bounce.app/Bounce";
			};
			name = Release;
		};
		0AF2FFEB22724C8E0063888C /* Debug */ = {
			isa = XCBuildConfiguration;
			buildSettings = {
				ALWAYS_EMBED_SWIFT_STANDARD_LIBRARIES = YES;
				CODE_SIGN_STYLE = Automatic;
				DEVELOPMENT_TEAM = JGJC2NGW6L;
				INFOPLIST_FILE = BounceUITests/Info.plist;
				LD_RUNPATH_SEARCH_PATHS = (
					"$(inherited)",
					"@executable_path/Frameworks",
					"@loader_path/Frameworks",
				);
				PRODUCT_BUNDLE_IDENTIFIER = com.heptarex.BounceUITests;
				PRODUCT_NAME = "$(TARGET_NAME)";
				SWIFT_VERSION = 5.0;
				TARGETED_DEVICE_FAMILY = "1,2";
				TEST_TARGET_NAME = Bounce;
			};
			name = Debug;
		};
		0AF2FFEC22724C8E0063888C /* Release */ = {
			isa = XCBuildConfiguration;
			buildSettings = {
				ALWAYS_EMBED_SWIFT_STANDARD_LIBRARIES = YES;
				CODE_SIGN_STYLE = Automatic;
				DEVELOPMENT_TEAM = JGJC2NGW6L;
				INFOPLIST_FILE = BounceUITests/Info.plist;
				LD_RUNPATH_SEARCH_PATHS = (
					"$(inherited)",
					"@executable_path/Frameworks",
					"@loader_path/Frameworks",
				);
				PRODUCT_BUNDLE_IDENTIFIER = com.heptarex.BounceUITests;
				PRODUCT_NAME = "$(TARGET_NAME)";
				SWIFT_VERSION = 5.0;
				TARGETED_DEVICE_FAMILY = "1,2";
				TEST_TARGET_NAME = Bounce;
			};
			name = Release;
		};
/* End XCBuildConfiguration section */

/* Begin XCConfigurationList section */
		0AF2FFB122724C8C0063888C /* Build configuration list for PBXProject "Bounce" */ = {
			isa = XCConfigurationList;
			buildConfigurations = (
				0AF2FFE222724C8E0063888C /* Debug */,
				0AF2FFE322724C8E0063888C /* Release */,
			);
			defaultConfigurationIsVisible = 0;
			defaultConfigurationName = Release;
		};
		0AF2FFE422724C8E0063888C /* Build configuration list for PBXNativeTarget "Bounce" */ = {
			isa = XCConfigurationList;
			buildConfigurations = (
				0AF2FFE522724C8E0063888C /* Debug */,
				0AF2FFE622724C8E0063888C /* Release */,
			);
			defaultConfigurationIsVisible = 0;
			defaultConfigurationName = Release;
		};
		0AF2FFE722724C8E0063888C /* Build configuration list for PBXNativeTarget "BounceTests" */ = {
			isa = XCConfigurationList;
			buildConfigurations = (
				0AF2FFE822724C8E0063888C /* Debug */,
				0AF2FFE922724C8E0063888C /* Release */,
			);
			defaultConfigurationIsVisible = 0;
			defaultConfigurationName = Release;
		};
		0AF2FFEA22724C8E0063888C /* Build configuration list for PBXNativeTarget "BounceUITests" */ = {
			isa = XCConfigurationList;
			buildConfigurations = (
				0AF2FFEB22724C8E0063888C /* Debug */,
				0AF2FFEC22724C8E0063888C /* Release */,
			);
			defaultConfigurationIsVisible = 0;
			defaultConfigurationName = Release;
		};
/* End XCConfigurationList section */
	};
	rootObject = 0AF2FFAE22724C8C0063888C /* Project object */;
}
